// !$*UTF8*$!
{
	archiveVersion = 1;
	classes = {
	};
	objectVersion = 51;
	objects = {

/* Begin PBXBuildFile section */
		5D6EA23B8A84402BE278F791 /* Pods_HireMile.framework in Frameworks */ = {isa = PBXBuildFile; fileRef = 7CD4FFC8B2591F2481B92C9B /* Pods_HireMile.framework */; };
		78008CD22569B7DA005E4A15 /* ResetPassword.swift in Sources */ = {isa = PBXBuildFile; fileRef = 78008CD02569B7DA005E4A15 /* ResetPassword.swift */; };
		78008CD32569B7DA005E4A15 /* ChangePassword.swift in Sources */ = {isa = PBXBuildFile; fileRef = 78008CD12569B7DA005E4A15 /* ChangePassword.swift */; };
		78008CD72569B8E4005E4A15 /* Password.swift in Sources */ = {isa = PBXBuildFile; fileRef = 78008CD62569B8E4005E4A15 /* Password.swift */; };
		780A7F622562D565009BD93A /* Home.swift in Sources */ = {isa = PBXBuildFile; fileRef = 780A7F612562D565009BD93A /* Home.swift */; };
		784646C72561B841000C5F26 /* AppDelegate.swift in Sources */ = {isa = PBXBuildFile; fileRef = 784646C62561B841000C5F26 /* AppDelegate.swift */; };
		784646C92561B841000C5F26 /* SceneDelegate.swift in Sources */ = {isa = PBXBuildFile; fileRef = 784646C82561B841000C5F26 /* SceneDelegate.swift */; };
		784646CB2561B841000C5F26 /* SignIn.swift in Sources */ = {isa = PBXBuildFile; fileRef = 784646CA2561B841000C5F26 /* SignIn.swift */; };
		784646D02561B842000C5F26 /* Assets.xcassets in Resources */ = {isa = PBXBuildFile; fileRef = 784646CF2561B842000C5F26 /* Assets.xcassets */; };
		784646D32561B843000C5F26 /* LaunchScreen.storyboard in Resources */ = {isa = PBXBuildFile; fileRef = 784646D12561B843000C5F26 /* LaunchScreen.storyboard */; };
		784646DD2561C5A7000C5F26 /* SwipingController.swift in Sources */ = {isa = PBXBuildFile; fileRef = 784646DC2561C5A7000C5F26 /* SwipingController.swift */; };
		784646DF2561C854000C5F26 /* PageCell.swift in Sources */ = {isa = PBXBuildFile; fileRef = 784646DE2561C854000C5F26 /* PageCell.swift */; };
		784646E225626F79000C5F26 /* Helpers.swift in Sources */ = {isa = PBXBuildFile; fileRef = 784646E125626F79000C5F26 /* Helpers.swift */; };
		784646E625629A97000C5F26 /* SignUp.swift in Sources */ = {isa = PBXBuildFile; fileRef = 784646E525629A97000C5F26 /* SignUp.swift */; };
		784646E825629F94000C5F26 /* ForgotPassword.swift in Sources */ = {isa = PBXBuildFile; fileRef = 784646E725629F94000C5F26 /* ForgotPassword.swift */; };
		784646EA2562ADB9000C5F26 /* TabBarController.swift in Sources */ = {isa = PBXBuildFile; fileRef = 784646E92562ADB9000C5F26 /* TabBarController.swift */; };
		784646EE2562ADFC000C5F26 /* Chat.swift in Sources */ = {isa = PBXBuildFile; fileRef = 784646ED2562ADFC000C5F26 /* Chat.swift */; };
		784646F02562CAEA000C5F26 /* Post.swift in Sources */ = {isa = PBXBuildFile; fileRef = 784646EF2562CAEA000C5F26 /* Post.swift */; };
		784B6023256ED04C0024F4C8 /* MyReviews.swift in Sources */ = {isa = PBXBuildFile; fileRef = 784B6022256ED04C0024F4C8 /* MyReviews.swift */; };
		786A33212565931300B58265 /* CategoryPostController.swift in Sources */ = {isa = PBXBuildFile; fileRef = 786A33202565931300B58265 /* CategoryPostController.swift */; };
		786A3323256596E700B58265 /* FilterLauncher.swift in Sources */ = {isa = PBXBuildFile; fileRef = 786A3322256596E700B58265 /* FilterLauncher.swift */; };
		787B0181256838E400BBC392 /* Settings.swift in Sources */ = {isa = PBXBuildFile; fileRef = 787B0180256838E400BBC392 /* Settings.swift */; };
		787B018425685BD600BBC392 /* EditProfile.swift in Sources */ = {isa = PBXBuildFile; fileRef = 787B018325685BD600BBC392 /* EditProfile.swift */; };
		787B018825685BE600BBC392 /* Email.swift in Sources */ = {isa = PBXBuildFile; fileRef = 787B018725685BE600BBC392 /* Email.swift */; };
		78AD20FB25723E4D004A1487 /* AddCard.swift in Sources */ = {isa = PBXBuildFile; fileRef = 78AD20FA25723E4D004A1487 /* AddCard.swift */; };
		78AD20FD25724B0B004A1487 /* CashOutLauncher.swift in Sources */ = {isa = PBXBuildFile; fileRef = 78AD20FC25724B0B004A1487 /* CashOutLauncher.swift */; };
		78AD20FF25724C17004A1487 /* GlobalVariables.swift in Sources */ = {isa = PBXBuildFile; fileRef = 78AD20FE25724C17004A1487 /* GlobalVariables.swift */; };
		78AD2101257290B1004A1487 /* MyJobs.swift in Sources */ = {isa = PBXBuildFile; fileRef = 78AD2100257290B1004A1487 /* MyJobs.swift */; };
		78B793C425703FBF00EFA7D1 /* Payment.swift in Sources */ = {isa = PBXBuildFile; fileRef = 78B793C325703FBF00EFA7D1 /* Payment.swift */; };
		78D5CA362565515E00BF59AB /* ViewPostController.swift in Sources */ = {isa = PBXBuildFile; fileRef = 78D5CA352565515E00BF59AB /* ViewPostController.swift */; };
		78DA5A07256B99EC00DFABEB /* Favorites.swift in Sources */ = {isa = PBXBuildFile; fileRef = 78DA5A06256B99EC00DFABEB /* Favorites.swift */; };
		78DA5A09256C1CE000DFABEB /* OtherProfile.swift in Sources */ = {isa = PBXBuildFile; fileRef = 78DA5A08256C1CE000DFABEB /* OtherProfile.swift */; };
/* End PBXBuildFile section */

/* Begin PBXFileReference section */
		78008CD02569B7DA005E4A15 /* ResetPassword.swift */ = {isa = PBXFileReference; fileEncoding = 4; lastKnownFileType = sourcecode.swift; path = ResetPassword.swift; sourceTree = "<group>"; };
		78008CD12569B7DA005E4A15 /* ChangePassword.swift */ = {isa = PBXFileReference; fileEncoding = 4; lastKnownFileType = sourcecode.swift; path = ChangePassword.swift; sourceTree = "<group>"; };
		78008CD62569B8E4005E4A15 /* Password.swift */ = {isa = PBXFileReference; fileEncoding = 4; lastKnownFileType = sourcecode.swift; path = Password.swift; sourceTree = "<group>"; };
		780A7F612562D565009BD93A /* Home.swift */ = {isa = PBXFileReference; lastKnownFileType = sourcecode.swift; path = Home.swift; sourceTree = "<group>"; };
		784646C32561B841000C5F26 /* Hiremile.app */ = {isa = PBXFileReference; explicitFileType = wrapper.application; includeInIndex = 0; path = Hiremile.app; sourceTree = BUILT_PRODUCTS_DIR; };
		784646C62561B841000C5F26 /* AppDelegate.swift */ = {isa = PBXFileReference; lastKnownFileType = sourcecode.swift; path = AppDelegate.swift; sourceTree = "<group>"; };
		784646C82561B841000C5F26 /* SceneDelegate.swift */ = {isa = PBXFileReference; lastKnownFileType = sourcecode.swift; path = SceneDelegate.swift; sourceTree = "<group>"; };
		784646CA2561B841000C5F26 /* SignIn.swift */ = {isa = PBXFileReference; lastKnownFileType = sourcecode.swift; path = SignIn.swift; sourceTree = "<group>"; };
		784646CF2561B842000C5F26 /* Assets.xcassets */ = {isa = PBXFileReference; lastKnownFileType = folder.assetcatalog; path = Assets.xcassets; sourceTree = "<group>"; };
		784646D22561B843000C5F26 /* Base */ = {isa = PBXFileReference; lastKnownFileType = file.storyboard; name = Base; path = Base.lproj/LaunchScreen.storyboard; sourceTree = "<group>"; };
		784646D42561B843000C5F26 /* Info.plist */ = {isa = PBXFileReference; lastKnownFileType = text.plist.xml; path = Info.plist; sourceTree = "<group>"; };
		784646DC2561C5A7000C5F26 /* SwipingController.swift */ = {isa = PBXFileReference; lastKnownFileType = sourcecode.swift; path = SwipingController.swift; sourceTree = "<group>"; };
		784646DE2561C854000C5F26 /* PageCell.swift */ = {isa = PBXFileReference; fileEncoding = 4; lastKnownFileType = sourcecode.swift; path = PageCell.swift; sourceTree = "<group>"; };
		784646E125626F79000C5F26 /* Helpers.swift */ = {isa = PBXFileReference; lastKnownFileType = sourcecode.swift; path = Helpers.swift; sourceTree = "<group>"; };
		784646E325629499000C5F26 /* Hiremile.entitlements */ = {isa = PBXFileReference; lastKnownFileType = text.plist.entitlements; path = Hiremile.entitlements; sourceTree = "<group>"; };
		784646E525629A97000C5F26 /* SignUp.swift */ = {isa = PBXFileReference; lastKnownFileType = sourcecode.swift; path = SignUp.swift; sourceTree = "<group>"; };
		784646E725629F94000C5F26 /* ForgotPassword.swift */ = {isa = PBXFileReference; lastKnownFileType = sourcecode.swift; path = ForgotPassword.swift; sourceTree = "<group>"; };
		784646E92562ADB9000C5F26 /* TabBarController.swift */ = {isa = PBXFileReference; lastKnownFileType = sourcecode.swift; path = TabBarController.swift; sourceTree = "<group>"; };
		784646ED2562ADFC000C5F26 /* Chat.swift */ = {isa = PBXFileReference; lastKnownFileType = sourcecode.swift; path = Chat.swift; sourceTree = "<group>"; };
		784646EF2562CAEA000C5F26 /* Post.swift */ = {isa = PBXFileReference; lastKnownFileType = sourcecode.swift; path = Post.swift; sourceTree = "<group>"; };
		784B6022256ED04C0024F4C8 /* MyReviews.swift */ = {isa = PBXFileReference; lastKnownFileType = sourcecode.swift; path = MyReviews.swift; sourceTree = "<group>"; };
		786A33202565931300B58265 /* CategoryPostController.swift */ = {isa = PBXFileReference; lastKnownFileType = sourcecode.swift; path = CategoryPostController.swift; sourceTree = "<group>"; };
		786A3322256596E700B58265 /* FilterLauncher.swift */ = {isa = PBXFileReference; lastKnownFileType = sourcecode.swift; path = FilterLauncher.swift; sourceTree = "<group>"; };
		787B0180256838E400BBC392 /* Settings.swift */ = {isa = PBXFileReference; lastKnownFileType = sourcecode.swift; path = Settings.swift; sourceTree = "<group>"; };
		787B018325685BD600BBC392 /* EditProfile.swift */ = {isa = PBXFileReference; lastKnownFileType = sourcecode.swift; path = EditProfile.swift; sourceTree = "<group>"; };
		787B018725685BE600BBC392 /* Email.swift */ = {isa = PBXFileReference; lastKnownFileType = sourcecode.swift; path = Email.swift; sourceTree = "<group>"; };
		78AD20FA25723E4D004A1487 /* AddCard.swift */ = {isa = PBXFileReference; lastKnownFileType = sourcecode.swift; path = AddCard.swift; sourceTree = "<group>"; };
		78AD20FC25724B0B004A1487 /* CashOutLauncher.swift */ = {isa = PBXFileReference; lastKnownFileType = sourcecode.swift; path = CashOutLauncher.swift; sourceTree = "<group>"; };
		78AD20FE25724C17004A1487 /* GlobalVariables.swift */ = {isa = PBXFileReference; lastKnownFileType = sourcecode.swift; path = GlobalVariables.swift; sourceTree = "<group>"; };
		78AD2100257290B1004A1487 /* MyJobs.swift */ = {isa = PBXFileReference; lastKnownFileType = sourcecode.swift; path = MyJobs.swift; sourceTree = "<group>"; };
		78B793C325703FBF00EFA7D1 /* Payment.swift */ = {isa = PBXFileReference; lastKnownFileType = sourcecode.swift; path = Payment.swift; sourceTree = "<group>"; };
		78D5CA352565515E00BF59AB /* ViewPostController.swift */ = {isa = PBXFileReference; lastKnownFileType = sourcecode.swift; path = ViewPostController.swift; sourceTree = "<group>"; };
		78DA5A06256B99EC00DFABEB /* Favorites.swift */ = {isa = PBXFileReference; lastKnownFileType = sourcecode.swift; path = Favorites.swift; sourceTree = "<group>"; };
		78DA5A08256C1CE000DFABEB /* OtherProfile.swift */ = {isa = PBXFileReference; lastKnownFileType = sourcecode.swift; path = OtherProfile.swift; sourceTree = "<group>"; };
		7CD4FFC8B2591F2481B92C9B /* Pods_HireMile.framework */ = {isa = PBXFileReference; explicitFileType = wrapper.framework; includeInIndex = 0; path = Pods_HireMile.framework; sourceTree = BUILT_PRODUCTS_DIR; };
		A91A1DE31160FFE2BA389866 /* Pods-HireMile.debug.xcconfig */ = {isa = PBXFileReference; includeInIndex = 1; lastKnownFileType = text.xcconfig; name = "Pods-HireMile.debug.xcconfig"; path = "Target Support Files/Pods-HireMile/Pods-HireMile.debug.xcconfig"; sourceTree = "<group>"; };
		F33EA7BD8215DF8F8A43B9DB /* Pods-HireMile.release.xcconfig */ = {isa = PBXFileReference; includeInIndex = 1; lastKnownFileType = text.xcconfig; name = "Pods-HireMile.release.xcconfig"; path = "Target Support Files/Pods-HireMile/Pods-HireMile.release.xcconfig"; sourceTree = "<group>"; };
/* End PBXFileReference section */

/* Begin PBXFrameworksBuildPhase section */
		784646C02561B841000C5F26 /* Frameworks */ = {
			isa = PBXFrameworksBuildPhase;
			buildActionMask = 2147483647;
			files = (
				5D6EA23B8A84402BE278F791 /* Pods_HireMile.framework in Frameworks */,
			);
			runOnlyForDeploymentPostprocessing = 0;
		};
/* End PBXFrameworksBuildPhase section */

/* Begin PBXGroup section */
		6139D7B2C877E877BF1CA5E8 /* Pods */ = {
			isa = PBXGroup;
			children = (
				A91A1DE31160FFE2BA389866 /* Pods-HireMile.debug.xcconfig */,
				F33EA7BD8215DF8F8A43B9DB /* Pods-HireMile.release.xcconfig */,
			);
			path = Pods;
			sourceTree = "<group>";
		};
		7823F7862573A184001EE37D /* My Jobs */ = {
			isa = PBXGroup;
			children = (
				78AD2100257290B1004A1487 /* MyJobs.swift */,
			);
			path = "My Jobs";
			sourceTree = "<group>";
		};
		7826697D256C3BC500D63FB1 /* Favorites */ = {
			isa = PBXGroup;
			children = (
				78DA5A06256B99EC00DFABEB /* Favorites.swift */,
				78DA5A08256C1CE000DFABEB /* OtherProfile.swift */,
			);
			path = Favorites;
			sourceTree = "<group>";
		};
		784646BA2561B841000C5F26 = {
			isa = PBXGroup;
			children = (
				784646C52561B841000C5F26 /* HireMile */,
				784646C42561B841000C5F26 /* Products */,
				6139D7B2C877E877BF1CA5E8 /* Pods */,
				D33A66BA080644870A7C7518 /* Frameworks */,
			);
			sourceTree = "<group>";
		};
		784646C42561B841000C5F26 /* Products */ = {
			isa = PBXGroup;
			children = (
				784646C32561B841000C5F26 /* Hiremile.app */,
			);
			name = Products;
			sourceTree = "<group>";
		};
		784646C52561B841000C5F26 /* HireMile */ = {
			isa = PBXGroup;
			children = (
				784646E325629499000C5F26 /* Hiremile.entitlements */,
				784646C62561B841000C5F26 /* AppDelegate.swift */,
				784646C82561B841000C5F26 /* SceneDelegate.swift */,
				784646E125626F79000C5F26 /* Helpers.swift */,
				78AD20FE25724C17004A1487 /* GlobalVariables.swift */,
				784646E025626EEB000C5F26 /* Onboarding */,
				784646E425629A84000C5F26 /* Auth */,
				784646F12562D436000C5F26 /* Tabs */,
				784646CF2561B842000C5F26 /* Assets.xcassets */,
				784646D12561B843000C5F26 /* LaunchScreen.storyboard */,
				784646D42561B843000C5F26 /* Info.plist */,
			);
			path = HireMile;
			sourceTree = "<group>";
		};
		784646E025626EEB000C5F26 /* Onboarding */ = {
			isa = PBXGroup;
			children = (
				784646DC2561C5A7000C5F26 /* SwipingController.swift */,
				784646DE2561C854000C5F26 /* PageCell.swift */,
			);
			path = Onboarding;
			sourceTree = "<group>";
		};
		784646E425629A84000C5F26 /* Auth */ = {
			isa = PBXGroup;
			children = (
				784646CA2561B841000C5F26 /* SignIn.swift */,
				784646E525629A97000C5F26 /* SignUp.swift */,
				784646E725629F94000C5F26 /* ForgotPassword.swift */,
			);
			path = Auth;
			sourceTree = "<group>";
		};
		784646F12562D436000C5F26 /* Tabs */ = {
			isa = PBXGroup;
			children = (
				784646E92562ADB9000C5F26 /* TabBarController.swift */,
				787B0182256838E800BBC392 /* Menu Bar */,
				784646F22562D45D000C5F26 /* Home */,
				784646ED2562ADFC000C5F26 /* Chat.swift */,
				784646EF2562CAEA000C5F26 /* Post.swift */,
			);
			path = Tabs;
			sourceTree = "<group>";
		};
		784646F22562D45D000C5F26 /* Home */ = {
			isa = PBXGroup;
			children = (
				780A7F612562D565009BD93A /* Home.swift */,
				78D5CA352565515E00BF59AB /* ViewPostController.swift */,
				786A33202565931300B58265 /* CategoryPostController.swift */,
				786A3322256596E700B58265 /* FilterLauncher.swift */,
			);
			path = Home;
			sourceTree = "<group>";
		};
		787B0182256838E800BBC392 /* Menu Bar */ = {
			isa = PBXGroup;
			children = (
				787B018925685C0100BBC392 /* Settings */,
				7826697D256C3BC500D63FB1 /* Favorites */,
				78B793C225703FAB00EFA7D1 /* My Reviews */,
				78B793C525703FC400EFA7D1 /* Payment */,
				7823F7862573A184001EE37D /* My Jobs */,
			);
			path = "Menu Bar";
			sourceTree = "<group>";
		};
		787B018925685C0100BBC392 /* Settings */ = {
			isa = PBXGroup;
			children = (
				787B0180256838E400BBC392 /* Settings.swift */,
				787B018325685BD600BBC392 /* EditProfile.swift */,
				78008CD62569B8E4005E4A15 /* Password.swift */,
				787B018725685BE600BBC392 /* Email.swift */,
				78008CD12569B7DA005E4A15 /* ChangePassword.swift */,
				78008CD02569B7DA005E4A15 /* ResetPassword.swift */,
			);
			path = Settings;
			sourceTree = "<group>";
		};
		78B793C225703FAB00EFA7D1 /* My Reviews */ = {
			isa = PBXGroup;
			children = (
				784B6022256ED04C0024F4C8 /* MyReviews.swift */,
			);
			path = "My Reviews";
			sourceTree = "<group>";
		};
		78B793C525703FC400EFA7D1 /* Payment */ = {
			isa = PBXGroup;
			children = (
				78B793C325703FBF00EFA7D1 /* Payment.swift */,
				78AD20FA25723E4D004A1487 /* AddCard.swift */,
				78AD20FC25724B0B004A1487 /* CashOutLauncher.swift */,
			);
			path = Payment;
			sourceTree = "<group>";
		};
		D33A66BA080644870A7C7518 /* Frameworks */ = {
			isa = PBXGroup;
			children = (
				7CD4FFC8B2591F2481B92C9B /* Pods_HireMile.framework */,
			);
			name = Frameworks;
			sourceTree = "<group>";
		};
/* End PBXGroup section */

/* Begin PBXNativeTarget section */
		784646C22561B841000C5F26 /* HireMile */ = {
			isa = PBXNativeTarget;
			buildConfigurationList = 784646D72561B843000C5F26 /* Build configuration list for PBXNativeTarget "HireMile" */;
			buildPhases = (
				BE010F933AB3825F78B33D51 /* [CP] Check Pods Manifest.lock */,
				784646BF2561B841000C5F26 /* Sources */,
				784646C02561B841000C5F26 /* Frameworks */,
				784646C12561B841000C5F26 /* Resources */,
				D8BA6524D40D59522BF3701E /* [CP] Embed Pods Frameworks */,
			);
			buildRules = (
			);
			dependencies = (
			);
			name = HireMile;
			productName = HireMile;
			productReference = 784646C32561B841000C5F26 /* Hiremile.app */;
			productType = "com.apple.product-type.application";
		};
/* End PBXNativeTarget section */

/* Begin PBXProject section */
		784646BB2561B841000C5F26 /* Project object */ = {
			isa = PBXProject;
			attributes = {
				LastSwiftUpdateCheck = 1160;
				LastUpgradeCheck = 1160;
				ORGANIZATIONNAME = "Jorge Zapata";
				TargetAttributes = {
					784646C22561B841000C5F26 = {
						CreatedOnToolsVersion = 11.6;
					};
				};
			};
			buildConfigurationList = 784646BE2561B841000C5F26 /* Build configuration list for PBXProject "HireMile" */;
			compatibilityVersion = "Xcode 9.3";
			developmentRegion = en;
			hasScannedForEncodings = 0;
			knownRegions = (
				en,
				Base,
			);
			mainGroup = 784646BA2561B841000C5F26;
			productRefGroup = 784646C42561B841000C5F26 /* Products */;
			projectDirPath = "";
			projectRoot = "";
			targets = (
				784646C22561B841000C5F26 /* HireMile */,
			);
		};
/* End PBXProject section */

/* Begin PBXResourcesBuildPhase section */
		784646C12561B841000C5F26 /* Resources */ = {
			isa = PBXResourcesBuildPhase;
			buildActionMask = 2147483647;
			files = (
				784646D32561B843000C5F26 /* LaunchScreen.storyboard in Resources */,
				784646D02561B842000C5F26 /* Assets.xcassets in Resources */,
			);
			runOnlyForDeploymentPostprocessing = 0;
		};
/* End PBXResourcesBuildPhase section */

/* Begin PBXShellScriptBuildPhase section */
		BE010F933AB3825F78B33D51 /* [CP] Check Pods Manifest.lock */ = {
			isa = PBXShellScriptBuildPhase;
			buildActionMask = 2147483647;
			files = (
			);
			inputFileListPaths = (
			);
			inputPaths = (
				"${PODS_PODFILE_DIR_PATH}/Podfile.lock",
				"${PODS_ROOT}/Manifest.lock",
			);
			name = "[CP] Check Pods Manifest.lock";
			outputFileListPaths = (
			);
			outputPaths = (
				"$(DERIVED_FILE_DIR)/Pods-HireMile-checkManifestLockResult.txt",
			);
			runOnlyForDeploymentPostprocessing = 0;
			shellPath = /bin/sh;
			shellScript = "diff \"${PODS_PODFILE_DIR_PATH}/Podfile.lock\" \"${PODS_ROOT}/Manifest.lock\" > /dev/null\nif [ $? != 0 ] ; then\n    # print error to STDERR\n    echo \"error: The sandbox is not in sync with the Podfile.lock. Run 'pod install' or update your CocoaPods installation.\" >&2\n    exit 1\nfi\n# This output is used by Xcode 'outputs' to avoid re-running this script phase.\necho \"SUCCESS\" > \"${SCRIPT_OUTPUT_FILE_0}\"\n";
			showEnvVarsInLog = 0;
		};
		D8BA6524D40D59522BF3701E /* [CP] Embed Pods Frameworks */ = {
			isa = PBXShellScriptBuildPhase;
			buildActionMask = 2147483647;
			files = (
			);
			inputFileListPaths = (
				"${PODS_ROOT}/Target Support Files/Pods-HireMile/Pods-HireMile-frameworks-${CONFIGURATION}-input-files.xcfilelist",
			);
			name = "[CP] Embed Pods Frameworks";
			outputFileListPaths = (
				"${PODS_ROOT}/Target Support Files/Pods-HireMile/Pods-HireMile-frameworks-${CONFIGURATION}-output-files.xcfilelist",
			);
			runOnlyForDeploymentPostprocessing = 0;
			shellPath = /bin/sh;
			shellScript = "\"${PODS_ROOT}/Target Support Files/Pods-HireMile/Pods-HireMile-frameworks.sh\"\n";
			showEnvVarsInLog = 0;
		};
/* End PBXShellScriptBuildPhase section */

/* Begin PBXSourcesBuildPhase section */
		784646BF2561B841000C5F26 /* Sources */ = {
			isa = PBXSourcesBuildPhase;
			buildActionMask = 2147483647;
			files = (
				78DA5A09256C1CE000DFABEB /* OtherProfile.swift in Sources */,
				78D5CA362565515E00BF59AB /* ViewPostController.swift in Sources */,
				784646E625629A97000C5F26 /* SignUp.swift in Sources */,
				784646CB2561B841000C5F26 /* SignIn.swift in Sources */,
				78008CD72569B8E4005E4A15 /* Password.swift in Sources */,
				787B018425685BD600BBC392 /* EditProfile.swift in Sources */,
				78DA5A07256B99EC00DFABEB /* Favorites.swift in Sources */,
				786A3323256596E700B58265 /* FilterLauncher.swift in Sources */,
				787B018825685BE600BBC392 /* Email.swift in Sources */,
				784646F02562CAEA000C5F26 /* Post.swift in Sources */,
				784646E225626F79000C5F26 /* Helpers.swift in Sources */,
				78008CD22569B7DA005E4A15 /* ResetPassword.swift in Sources */,
				786A33212565931300B58265 /* CategoryPostController.swift in Sources */,
				78AD20FB25723E4D004A1487 /* AddCard.swift in Sources */,
				784B6023256ED04C0024F4C8 /* MyReviews.swift in Sources */,
				78AD20FD25724B0B004A1487 /* CashOutLauncher.swift in Sources */,
				784646E825629F94000C5F26 /* ForgotPassword.swift in Sources */,
				780A7F622562D565009BD93A /* Home.swift in Sources */,
				78AD20FF25724C17004A1487 /* GlobalVariables.swift in Sources */,
				784646C72561B841000C5F26 /* AppDelegate.swift in Sources */,
				78008CD32569B7DA005E4A15 /* ChangePassword.swift in Sources */,
				787B0181256838E400BBC392 /* Settings.swift in Sources */,
				78AD2101257290B1004A1487 /* MyJobs.swift in Sources */,
				78B793C425703FBF00EFA7D1 /* Payment.swift in Sources */,
				784646EE2562ADFC000C5F26 /* Chat.swift in Sources */,
				784646EA2562ADB9000C5F26 /* TabBarController.swift in Sources */,
				784646DF2561C854000C5F26 /* PageCell.swift in Sources */,
				784646DD2561C5A7000C5F26 /* SwipingController.swift in Sources */,
				784646C92561B841000C5F26 /* SceneDelegate.swift in Sources */,
			);
			runOnlyForDeploymentPostprocessing = 0;
		};
/* End PBXSourcesBuildPhase section */

/* Begin PBXVariantGroup section */
		784646D12561B843000C5F26 /* LaunchScreen.storyboard */ = {
			isa = PBXVariantGroup;
			children = (
				784646D22561B843000C5F26 /* Base */,
			);
			name = LaunchScreen.storyboard;
			sourceTree = "<group>";
		};
/* End PBXVariantGroup section */

/* Begin XCBuildConfiguration section */
		784646D52561B843000C5F26 /* Debug */ = {
			isa = XCBuildConfiguration;
			buildSettings = {
				ALWAYS_SEARCH_USER_PATHS = NO;
				CLANG_ANALYZER_NONNULL = YES;
				CLANG_ANALYZER_NUMBER_OBJECT_CONVERSION = YES_AGGRESSIVE;
				CLANG_CXX_LANGUAGE_STANDARD = "gnu++14";
				CLANG_CXX_LIBRARY = "libc++";
				CLANG_ENABLE_MODULES = YES;
				CLANG_ENABLE_OBJC_ARC = YES;
				CLANG_ENABLE_OBJC_WEAK = YES;
				CLANG_WARN_BLOCK_CAPTURE_AUTORELEASING = YES;
				CLANG_WARN_BOOL_CONVERSION = YES;
				CLANG_WARN_COMMA = YES;
				CLANG_WARN_CONSTANT_CONVERSION = YES;
				CLANG_WARN_DEPRECATED_OBJC_IMPLEMENTATIONS = YES;
				CLANG_WARN_DIRECT_OBJC_ISA_USAGE = YES_ERROR;
				CLANG_WARN_DOCUMENTATION_COMMENTS = YES;
				CLANG_WARN_EMPTY_BODY = YES;
				CLANG_WARN_ENUM_CONVERSION = YES;
				CLANG_WARN_INFINITE_RECURSION = YES;
				CLANG_WARN_INT_CONVERSION = YES;
				CLANG_WARN_NON_LITERAL_NULL_CONVERSION = YES;
				CLANG_WARN_OBJC_IMPLICIT_RETAIN_SELF = YES;
				CLANG_WARN_OBJC_LITERAL_CONVERSION = YES;
				CLANG_WARN_OBJC_ROOT_CLASS = YES_ERROR;
				CLANG_WARN_RANGE_LOOP_ANALYSIS = YES;
				CLANG_WARN_STRICT_PROTOTYPES = YES;
				CLANG_WARN_SUSPICIOUS_MOVE = YES;
				CLANG_WARN_UNGUARDED_AVAILABILITY = YES_AGGRESSIVE;
				CLANG_WARN_UNREACHABLE_CODE = YES;
				CLANG_WARN__DUPLICATE_METHOD_MATCH = YES;
				COPY_PHASE_STRIP = NO;
				DEBUG_INFORMATION_FORMAT = dwarf;
				ENABLE_STRICT_OBJC_MSGSEND = YES;
				ENABLE_TESTABILITY = YES;
				GCC_C_LANGUAGE_STANDARD = gnu11;
				GCC_DYNAMIC_NO_PIC = NO;
				GCC_NO_COMMON_BLOCKS = YES;
				GCC_OPTIMIZATION_LEVEL = 0;
				GCC_PREPROCESSOR_DEFINITIONS = (
					"DEBUG=1",
					"$(inherited)",
				);
				GCC_WARN_64_TO_32_BIT_CONVERSION = YES;
				GCC_WARN_ABOUT_RETURN_TYPE = YES_ERROR;
				GCC_WARN_UNDECLARED_SELECTOR = YES;
				GCC_WARN_UNINITIALIZED_AUTOS = YES_AGGRESSIVE;
				GCC_WARN_UNUSED_FUNCTION = YES;
				GCC_WARN_UNUSED_VARIABLE = YES;
				IPHONEOS_DEPLOYMENT_TARGET = 13.6;
				MTL_ENABLE_DEBUG_INFO = INCLUDE_SOURCE;
				MTL_FAST_MATH = YES;
				ONLY_ACTIVE_ARCH = YES;
				SDKROOT = iphoneos;
				SWIFT_ACTIVE_COMPILATION_CONDITIONS = DEBUG;
				SWIFT_OPTIMIZATION_LEVEL = "-Onone";
			};
			name = Debug;
		};
		784646D62561B843000C5F26 /* Release */ = {
			isa = XCBuildConfiguration;
			buildSettings = {
				ALWAYS_SEARCH_USER_PATHS = NO;
				CLANG_ANALYZER_NONNULL = YES;
				CLANG_ANALYZER_NUMBER_OBJECT_CONVERSION = YES_AGGRESSIVE;
				CLANG_CXX_LANGUAGE_STANDARD = "gnu++14";
				CLANG_CXX_LIBRARY = "libc++";
				CLANG_ENABLE_MODULES = YES;
				CLANG_ENABLE_OBJC_ARC = YES;
				CLANG_ENABLE_OBJC_WEAK = YES;
				CLANG_WARN_BLOCK_CAPTURE_AUTORELEASING = YES;
				CLANG_WARN_BOOL_CONVERSION = YES;
				CLANG_WARN_COMMA = YES;
				CLANG_WARN_CONSTANT_CONVERSION = YES;
				CLANG_WARN_DEPRECATED_OBJC_IMPLEMENTATIONS = YES;
				CLANG_WARN_DIRECT_OBJC_ISA_USAGE = YES_ERROR;
				CLANG_WARN_DOCUMENTATION_COMMENTS = YES;
				CLANG_WARN_EMPTY_BODY = YES;
				CLANG_WARN_ENUM_CONVERSION = YES;
				CLANG_WARN_INFINITE_RECURSION = YES;
				CLANG_WARN_INT_CONVERSION = YES;
				CLANG_WARN_NON_LITERAL_NULL_CONVERSION = YES;
				CLANG_WARN_OBJC_IMPLICIT_RETAIN_SELF = YES;
				CLANG_WARN_OBJC_LITERAL_CONVERSION = YES;
				CLANG_WARN_OBJC_ROOT_CLASS = YES_ERROR;
				CLANG_WARN_RANGE_LOOP_ANALYSIS = YES;
				CLANG_WARN_STRICT_PROTOTYPES = YES;
				CLANG_WARN_SUSPICIOUS_MOVE = YES;
				CLANG_WARN_UNGUARDED_AVAILABILITY = YES_AGGRESSIVE;
				CLANG_WARN_UNREACHABLE_CODE = YES;
				CLANG_WARN__DUPLICATE_METHOD_MATCH = YES;
				COPY_PHASE_STRIP = NO;
				DEBUG_INFORMATION_FORMAT = "dwarf-with-dsym";
				ENABLE_NS_ASSERTIONS = NO;
				ENABLE_STRICT_OBJC_MSGSEND = YES;
				GCC_C_LANGUAGE_STANDARD = gnu11;
				GCC_NO_COMMON_BLOCKS = YES;
				GCC_WARN_64_TO_32_BIT_CONVERSION = YES;
				GCC_WARN_ABOUT_RETURN_TYPE = YES_ERROR;
				GCC_WARN_UNDECLARED_SELECTOR = YES;
				GCC_WARN_UNINITIALIZED_AUTOS = YES_AGGRESSIVE;
				GCC_WARN_UNUSED_FUNCTION = YES;
				GCC_WARN_UNUSED_VARIABLE = YES;
				IPHONEOS_DEPLOYMENT_TARGET = 13.6;
				MTL_ENABLE_DEBUG_INFO = NO;
				MTL_FAST_MATH = YES;
				SDKROOT = iphoneos;
				SWIFT_COMPILATION_MODE = wholemodule;
				SWIFT_OPTIMIZATION_LEVEL = "-O";
				VALIDATE_PRODUCT = YES;
			};
			name = Release;
		};
		784646D82561B843000C5F26 /* Debug */ = {
			isa = XCBuildConfiguration;
			baseConfigurationReference = A91A1DE31160FFE2BA389866 /* Pods-HireMile.debug.xcconfig */;
			buildSettings = {
				ASSETCATALOG_COMPILER_APPICON_NAME = AppIcon;
				CODE_SIGN_ENTITLEMENTS = HireMile/Hiremile.entitlements;
				CODE_SIGN_STYLE = Automatic;
				CURRENT_PROJECT_VERSION = 3;
				DEVELOPMENT_TEAM = ZH735L9VC9;
				INFOPLIST_FILE = HireMile/Info.plist;
				LD_RUNPATH_SEARCH_PATHS = (
					"$(inherited)",
					"@executable_path/Frameworks",
				);
				MARKETING_VERSION = 1.02;
				PRODUCT_BUNDLE_IDENTIFIER = "Jorge-Zapata.HireMile";
				PRODUCT_NAME = Hiremile;
				SWIFT_VERSION = 5.0;
				TARGETED_DEVICE_FAMILY = "1,2";
			};
			name = Debug;
		};
		784646D92561B843000C5F26 /* Release */ = {
			isa = XCBuildConfiguration;
			baseConfigurationReference = F33EA7BD8215DF8F8A43B9DB /* Pods-HireMile.release.xcconfig */;
			buildSettings = {
				ASSETCATALOG_COMPILER_APPICON_NAME = AppIcon;
				CODE_SIGN_ENTITLEMENTS = HireMile/Hiremile.entitlements;
				CODE_SIGN_STYLE = Automatic;
				CURRENT_PROJECT_VERSION = 3;
				DEVELOPMENT_TEAM = ZH735L9VC9;
				INFOPLIST_FILE = HireMile/Info.plist;
				LD_RUNPATH_SEARCH_PATHS = (
					"$(inherited)",
					"@executable_path/Frameworks",
				);
				MARKETING_VERSION = 1.02;
				PRODUCT_BUNDLE_IDENTIFIER = "Jorge-Zapata.HireMile";
				PRODUCT_NAME = Hiremile;
				SWIFT_VERSION = 5.0;
				TARGETED_DEVICE_FAMILY = "1,2";
			};
			name = Release;
		};
/* End XCBuildConfiguration section */

/* Begin XCConfigurationList section */
		784646BE2561B841000C5F26 /* Build configuration list for PBXProject "HireMile" */ = {
			isa = XCConfigurationList;
			buildConfigurations = (
				784646D52561B843000C5F26 /* Debug */,
				784646D62561B843000C5F26 /* Release */,
			);
			defaultConfigurationIsVisible = 0;
			defaultConfigurationName = Release;
		};
		784646D72561B843000C5F26 /* Build configuration list for PBXNativeTarget "HireMile" */ = {
			isa = XCConfigurationList;
			buildConfigurations = (
				784646D82561B843000C5F26 /* Debug */,
				784646D92561B843000C5F26 /* Release */,
			);
			defaultConfigurationIsVisible = 0;
			defaultConfigurationName = Release;
		};
/* End XCConfigurationList section */
	};
	rootObject = 784646BB2561B841000C5F26 /* Project object */;
}
